// !$*UTF8*$!
{
	archiveVersion = 1;
	classes = {
	};
	objectVersion = 55;
	objects = {

/* Begin PBXBuildFile section */
		EA0C9B8127BBB20C005F87ED /* ManufacturorService.swift in Sources */ = {isa = PBXBuildFile; fileRef = EA0C9B8027BBB20C005F87ED /* ManufacturorService.swift */; };
		EA0C9B8327BBB7CC005F87ED /* ManufacturorMapper.swift in Sources */ = {isa = PBXBuildFile; fileRef = EA0C9B8227BBB7CC005F87ED /* ManufacturorMapper.swift */; };
		EA0C9B8527BBB8DB005F87ED /* ManufacturorListViewModel.swift in Sources */ = {isa = PBXBuildFile; fileRef = EA0C9B8427BBB8DB005F87ED /* ManufacturorListViewModel.swift */; };
		EA0C9B8727BBD89C005F87ED /* CreateVehicleViewModel.swift in Sources */ = {isa = PBXBuildFile; fileRef = EA0C9B8627BBD89C005F87ED /* CreateVehicleViewModel.swift */; };
		EA0C9B8927BBE914005F87ED /* CreateVehicleRequest.swift in Sources */ = {isa = PBXBuildFile; fileRef = EA0C9B8827BBE914005F87ED /* CreateVehicleRequest.swift */; };
		EA26876D27B25EDE00F2C783 /* Westcoast_CarsApp.swift in Sources */ = {isa = PBXBuildFile; fileRef = EA26876C27B25EDE00F2C783 /* Westcoast_CarsApp.swift */; };
		EA26876F27B25EDE00F2C783 /* VehicleDetailView.swift in Sources */ = {isa = PBXBuildFile; fileRef = EA26876E27B25EDE00F2C783 /* VehicleDetailView.swift */; };
		EA26877127B25EDF00F2C783 /* Assets.xcassets in Resources */ = {isa = PBXBuildFile; fileRef = EA26877027B25EDF00F2C783 /* Assets.xcassets */; };
		EA26877427B25EDF00F2C783 /* Preview Assets.xcassets in Resources */ = {isa = PBXBuildFile; fileRef = EA26877327B25EDF00F2C783 /* Preview Assets.xcassets */; };
		EA26877C27B26FB400F2C783 /* VehicleInfoView.swift in Sources */ = {isa = PBXBuildFile; fileRef = EA26877B27B26FB400F2C783 /* VehicleInfoView.swift */; };
		EA26877E27B276E700F2C783 /* VehicleListScreen.swift in Sources */ = {isa = PBXBuildFile; fileRef = EA26877D27B276E700F2C783 /* VehicleListScreen.swift */; };
		EA26878127B2774000F2C783 /* Vehicle.swift in Sources */ = {isa = PBXBuildFile; fileRef = EA26878027B2774000F2C783 /* Vehicle.swift */; };
		EA26878527B281D400F2C783 /* HomeScreen.swift in Sources */ = {isa = PBXBuildFile; fileRef = EA26878427B281D400F2C783 /* HomeScreen.swift */; };
		EA26878727B296BD00F2C783 /* WelcomeScreen.swift in Sources */ = {isa = PBXBuildFile; fileRef = EA26878627B296BD00F2C783 /* WelcomeScreen.swift */; };
		EA26878927B2A60C00F2C783 /* CreateVehicleFormView.swift in Sources */ = {isa = PBXBuildFile; fileRef = EA26878827B2A60C00F2C783 /* CreateVehicleFormView.swift */; };
		EA66FC0927B391BD0065A984 /* VehicleCardView.swift in Sources */ = {isa = PBXBuildFile; fileRef = EA66FC0827B391BD0065A984 /* VehicleCardView.swift */; };
		EA66FC0B27B3AACC0065A984 /* SettingsViewScreen.swift in Sources */ = {isa = PBXBuildFile; fileRef = EA66FC0A27B3AACC0065A984 /* SettingsViewScreen.swift */; };
		EA66FC2E27B3BE9D0065A984 /* Constants.swift in Sources */ = {isa = PBXBuildFile; fileRef = EA66FC2D27B3BE9D0065A984 /* Constants.swift */; };
		EA66FC3027B3C18C0065A984 /* Manufacturor.swift in Sources */ = {isa = PBXBuildFile; fileRef = EA66FC2F27B3C18C0065A984 /* Manufacturor.swift */; };
		EA66FC3927B3D8DF0065A984 /* VehicleListView.swift in Sources */ = {isa = PBXBuildFile; fileRef = EA66FC3827B3D8DF0065A984 /* VehicleListView.swift */; };
		EA66FC3C27B3E3C00065A984 /* UrlImage.swift in Sources */ = {isa = PBXBuildFile; fileRef = EA66FC3B27B3E3C00065A984 /* UrlImage.swift */; };
		EA66FC3E27B3E4150065A984 /* ImageLoader.swift in Sources */ = {isa = PBXBuildFile; fileRef = EA66FC3D27B3E4150065A984 /* ImageLoader.swift */; };
		EA6D99E027BE454E00321A71 /* CreatedVehicleResponse.swift in Sources */ = {isa = PBXBuildFile; fileRef = EA6D99DF27BE454E00321A71 /* CreatedVehicleResponse.swift */; };
		EA6D99E227BE45FF00321A71 /* VehicleAddedResponse.swift in Sources */ = {isa = PBXBuildFile; fileRef = EA6D99E127BE45FF00321A71 /* VehicleAddedResponse.swift */; };
		EAE5B09E27B5066900F01AEB /* VehicleService.swift in Sources */ = {isa = PBXBuildFile; fileRef = EAE5B09D27B5066900F01AEB /* VehicleService.swift */; };
		EAE5B0A027B508BB00F01AEB /* NetworkError.swift in Sources */ = {isa = PBXBuildFile; fileRef = EAE5B09F27B508BB00F01AEB /* NetworkError.swift */; };
		EAE5B0A327B50AA700F01AEB /* UrlExtension.swift in Sources */ = {isa = PBXBuildFile; fileRef = EAE5B0A227B50AA700F01AEB /* UrlExtension.swift */; };
		EAE5B0A527B511F600F01AEB /* VehicleMapper.swift in Sources */ = {isa = PBXBuildFile; fileRef = EAE5B0A427B511F600F01AEB /* VehicleMapper.swift */; };
		EAE5B0A727B513D600F01AEB /* VehicleListViewModel.swift in Sources */ = {isa = PBXBuildFile; fileRef = EAE5B0A627B513D600F01AEB /* VehicleListViewModel.swift */; };
/* End PBXBuildFile section */

/* Begin PBXFileReference section */
		EA0C9B8027BBB20C005F87ED /* ManufacturorService.swift */ = {isa = PBXFileReference; lastKnownFileType = sourcecode.swift; path = ManufacturorService.swift; sourceTree = "<group>"; };
		EA0C9B8227BBB7CC005F87ED /* ManufacturorMapper.swift */ = {isa = PBXFileReference; lastKnownFileType = sourcecode.swift; path = ManufacturorMapper.swift; sourceTree = "<group>"; };
		EA0C9B8427BBB8DB005F87ED /* ManufacturorListViewModel.swift */ = {isa = PBXFileReference; lastKnownFileType = sourcecode.swift; path = ManufacturorListViewModel.swift; sourceTree = "<group>"; };
		EA0C9B8627BBD89C005F87ED /* CreateVehicleViewModel.swift */ = {isa = PBXFileReference; lastKnownFileType = sourcecode.swift; path = CreateVehicleViewModel.swift; sourceTree = "<group>"; };
		EA0C9B8827BBE914005F87ED /* CreateVehicleRequest.swift */ = {isa = PBXFileReference; lastKnownFileType = sourcecode.swift; path = CreateVehicleRequest.swift; sourceTree = "<group>"; };
		EA26876927B25EDE00F2C783 /* Westcoast-Cars.app */ = {isa = PBXFileReference; explicitFileType = wrapper.application; includeInIndex = 0; path = "Westcoast-Cars.app"; sourceTree = BUILT_PRODUCTS_DIR; };
		EA26876C27B25EDE00F2C783 /* Westcoast_CarsApp.swift */ = {isa = PBXFileReference; lastKnownFileType = sourcecode.swift; path = Westcoast_CarsApp.swift; sourceTree = "<group>"; };
		EA26876E27B25EDE00F2C783 /* VehicleDetailView.swift */ = {isa = PBXFileReference; lastKnownFileType = sourcecode.swift; path = VehicleDetailView.swift; sourceTree = "<group>"; };
		EA26877027B25EDF00F2C783 /* Assets.xcassets */ = {isa = PBXFileReference; lastKnownFileType = folder.assetcatalog; path = Assets.xcassets; sourceTree = "<group>"; };
		EA26877327B25EDF00F2C783 /* Preview Assets.xcassets */ = {isa = PBXFileReference; lastKnownFileType = folder.assetcatalog; path = "Preview Assets.xcassets"; sourceTree = "<group>"; };
		EA26877B27B26FB400F2C783 /* VehicleInfoView.swift */ = {isa = PBXFileReference; lastKnownFileType = sourcecode.swift; path = VehicleInfoView.swift; sourceTree = "<group>"; };
		EA26877D27B276E700F2C783 /* VehicleListScreen.swift */ = {isa = PBXFileReference; lastKnownFileType = sourcecode.swift; path = VehicleListScreen.swift; sourceTree = "<group>"; };
		EA26878027B2774000F2C783 /* Vehicle.swift */ = {isa = PBXFileReference; lastKnownFileType = sourcecode.swift; path = Vehicle.swift; sourceTree = "<group>"; };
		EA26878427B281D400F2C783 /* HomeScreen.swift */ = {isa = PBXFileReference; lastKnownFileType = sourcecode.swift; path = HomeScreen.swift; sourceTree = "<group>"; };
		EA26878627B296BD00F2C783 /* WelcomeScreen.swift */ = {isa = PBXFileReference; lastKnownFileType = sourcecode.swift; path = WelcomeScreen.swift; sourceTree = "<group>"; };
		EA26878827B2A60C00F2C783 /* CreateVehicleFormView.swift */ = {isa = PBXFileReference; lastKnownFileType = sourcecode.swift; path = CreateVehicleFormView.swift; sourceTree = "<group>"; };
		EA66FC0827B391BD0065A984 /* VehicleCardView.swift */ = {isa = PBXFileReference; lastKnownFileType = sourcecode.swift; path = VehicleCardView.swift; sourceTree = "<group>"; };
		EA66FC0A27B3AACC0065A984 /* SettingsViewScreen.swift */ = {isa = PBXFileReference; lastKnownFileType = sourcecode.swift; path = SettingsViewScreen.swift; sourceTree = "<group>"; };
		EA66FC2D27B3BE9D0065A984 /* Constants.swift */ = {isa = PBXFileReference; lastKnownFileType = sourcecode.swift; path = Constants.swift; sourceTree = "<group>"; };
		EA66FC2F27B3C18C0065A984 /* Manufacturor.swift */ = {isa = PBXFileReference; lastKnownFileType = sourcecode.swift; path = Manufacturor.swift; sourceTree = "<group>"; };
		EA66FC3827B3D8DF0065A984 /* VehicleListView.swift */ = {isa = PBXFileReference; lastKnownFileType = sourcecode.swift; path = VehicleListView.swift; sourceTree = "<group>"; };
		EA66FC3B27B3E3C00065A984 /* UrlImage.swift */ = {isa = PBXFileReference; lastKnownFileType = sourcecode.swift; path = UrlImage.swift; sourceTree = "<group>"; };
		EA66FC3D27B3E4150065A984 /* ImageLoader.swift */ = {isa = PBXFileReference; lastKnownFileType = sourcecode.swift; path = ImageLoader.swift; sourceTree = "<group>"; };
		EA6D99DF27BE454E00321A71 /* CreatedVehicleResponse.swift */ = {isa = PBXFileReference; lastKnownFileType = sourcecode.swift; path = CreatedVehicleResponse.swift; sourceTree = "<group>"; };
		EA6D99E127BE45FF00321A71 /* VehicleAddedResponse.swift */ = {isa = PBXFileReference; lastKnownFileType = sourcecode.swift; path = VehicleAddedResponse.swift; sourceTree = "<group>"; };
		EAE5B09D27B5066900F01AEB /* VehicleService.swift */ = {isa = PBXFileReference; lastKnownFileType = sourcecode.swift; path = VehicleService.swift; sourceTree = "<group>"; };
		EAE5B09F27B508BB00F01AEB /* NetworkError.swift */ = {isa = PBXFileReference; lastKnownFileType = sourcecode.swift; path = NetworkError.swift; sourceTree = "<group>"; };
		EAE5B0A227B50AA700F01AEB /* UrlExtension.swift */ = {isa = PBXFileReference; lastKnownFileType = sourcecode.swift; path = UrlExtension.swift; sourceTree = "<group>"; };
		EAE5B0A427B511F600F01AEB /* VehicleMapper.swift */ = {isa = PBXFileReference; lastKnownFileType = sourcecode.swift; path = VehicleMapper.swift; sourceTree = "<group>"; };
		EAE5B0A627B513D600F01AEB /* VehicleListViewModel.swift */ = {isa = PBXFileReference; lastKnownFileType = sourcecode.swift; path = VehicleListViewModel.swift; sourceTree = "<group>"; };
/* End PBXFileReference section */

/* Begin PBXFrameworksBuildPhase section */
		EA26876627B25EDE00F2C783 /* Frameworks */ = {
			isa = PBXFrameworksBuildPhase;
			buildActionMask = 2147483647;
			files = (
			);
			runOnlyForDeploymentPostprocessing = 0;
		};
/* End PBXFrameworksBuildPhase section */

/* Begin PBXGroup section */
		EA26876027B25EDE00F2C783 = {
			isa = PBXGroup;
			children = (
				EA26876B27B25EDE00F2C783 /* Westcoast-Cars */,
				EA26876A27B25EDE00F2C783 /* Products */,
			);
			sourceTree = "<group>";
		};
		EA26876A27B25EDE00F2C783 /* Products */ = {
			isa = PBXGroup;
			children = (
				EA26876927B25EDE00F2C783 /* Westcoast-Cars.app */,
			);
			name = Products;
			sourceTree = "<group>";
		};
		EA26876B27B25EDE00F2C783 /* Westcoast-Cars */ = {
			isa = PBXGroup;
			children = (
				EA66FC3F27B3E5280065A984 /* Controls */,
				EA66FC2927B3BDDD0065A984 /* Enums */,
				EAE5B0A127B50A8E00F01AEB /* Extensions */,
				EA66FC2C27B3BE8E0065A984 /* Helpers */,
				EA26877F27B2773100F2C783 /* Models */,
				EA66FC3A27B3E2B40065A984 /* Screens */,
				EA66FC2627B3BD070065A984 /* Services */,
				EA66FC3527B3C3680065A984 /* ViewModels */,
				EA26877A27B26F9D00F2C783 /* Views */,
				EA26876C27B25EDE00F2C783 /* Westcoast_CarsApp.swift */,
				EA26877027B25EDF00F2C783 /* Assets.xcassets */,
				EA26877227B25EDF00F2C783 /* Preview Content */,
			);
			path = "Westcoast-Cars";
			sourceTree = "<group>";
		};
		EA26877227B25EDF00F2C783 /* Preview Content */ = {
			isa = PBXGroup;
			children = (
				EA26877327B25EDF00F2C783 /* Preview Assets.xcassets */,
			);
			path = "Preview Content";
			sourceTree = "<group>";
		};
		EA26877A27B26F9D00F2C783 /* Views */ = {
			isa = PBXGroup;
			children = (
				EA26876E27B25EDE00F2C783 /* VehicleDetailView.swift */,
				EA26877B27B26FB400F2C783 /* VehicleInfoView.swift */,
				EA26878827B2A60C00F2C783 /* CreateVehicleFormView.swift */,
				EA66FC0827B391BD0065A984 /* VehicleCardView.swift */,
				EA66FC3827B3D8DF0065A984 /* VehicleListView.swift */,
			);
			path = Views;
			sourceTree = "<group>";
		};
		EA26877F27B2773100F2C783 /* Models */ = {
			isa = PBXGroup;
			children = (
				EA6D99DF27BE454E00321A71 /* CreatedVehicleResponse.swift */,
				EA26878027B2774000F2C783 /* Vehicle.swift */,
				EA66FC2F27B3C18C0065A984 /* Manufacturor.swift */,
				EA0C9B8827BBE914005F87ED /* CreateVehicleRequest.swift */,
				EA6D99E127BE45FF00321A71 /* VehicleAddedResponse.swift */,
			);
			path = Models;
			sourceTree = "<group>";
		};
		EA66FC2627B3BD070065A984 /* Services */ = {
			isa = PBXGroup;
			children = (
				EAE5B09D27B5066900F01AEB /* VehicleService.swift */,
				EA0C9B8027BBB20C005F87ED /* ManufacturorService.swift */,
			);
			path = Services;
			sourceTree = "<group>";
		};
		EA66FC2927B3BDDD0065A984 /* Enums */ = {
			isa = PBXGroup;
			children = (
				EAE5B09F27B508BB00F01AEB /* NetworkError.swift */,
			);
			path = Enums;
			sourceTree = "<group>";
		};
		EA66FC2C27B3BE8E0065A984 /* Helpers */ = {
			isa = PBXGroup;
			children = (
				EA66FC3D27B3E4150065A984 /* ImageLoader.swift */,
				EA66FC2D27B3BE9D0065A984 /* Constants.swift */,
				EAE5B0A427B511F600F01AEB /* VehicleMapper.swift */,
				EA0C9B8227BBB7CC005F87ED /* ManufacturorMapper.swift */,
			);
			path = Helpers;
			sourceTree = "<group>";
		};
		EA66FC3527B3C3680065A984 /* ViewModels */ = {
			isa = PBXGroup;
			children = (
				EAE5B0A627B513D600F01AEB /* VehicleListViewModel.swift */,
				EA0C9B8427BBB8DB005F87ED /* ManufacturorListViewModel.swift */,
				EA0C9B8627BBD89C005F87ED /* CreateVehicleViewModel.swift */,
			);
			path = ViewModels;
			sourceTree = "<group>";
		};
		EA66FC3A27B3E2B40065A984 /* Screens */ = {
			isa = PBXGroup;
			children = (
				EA66FC0A27B3AACC0065A984 /* SettingsViewScreen.swift */,
				EA26878627B296BD00F2C783 /* WelcomeScreen.swift */,
				EA26878427B281D400F2C783 /* HomeScreen.swift */,
				EA26877D27B276E700F2C783 /* VehicleListScreen.swift */,
			);
			path = Screens;
			sourceTree = "<group>";
		};
		EA66FC3F27B3E5280065A984 /* Controls */ = {
			isa = PBXGroup;
			children = (
				EA66FC3B27B3E3C00065A984 /* UrlImage.swift */,
			);
			path = Controls;
			sourceTree = "<group>";
		};
		EAE5B0A127B50A8E00F01AEB /* Extensions */ = {
			isa = PBXGroup;
			children = (
				EAE5B0A227B50AA700F01AEB /* UrlExtension.swift */,
			);
			path = Extensions;
			sourceTree = "<group>";
		};
/* End PBXGroup section */

/* Begin PBXNativeTarget section */
		EA26876827B25EDE00F2C783 /* Westcoast-Cars */ = {
			isa = PBXNativeTarget;
			buildConfigurationList = EA26877727B25EDF00F2C783 /* Build configuration list for PBXNativeTarget "Westcoast-Cars" */;
			buildPhases = (
				EA26876527B25EDE00F2C783 /* Sources */,
				EA26876627B25EDE00F2C783 /* Frameworks */,
				EA26876727B25EDE00F2C783 /* Resources */,
			);
			buildRules = (
			);
			dependencies = (
			);
			name = "Westcoast-Cars";
			productName = "Westcoast-Cars";
			productReference = EA26876927B25EDE00F2C783 /* Westcoast-Cars.app */;
			productType = "com.apple.product-type.application";
		};
/* End PBXNativeTarget section */

/* Begin PBXProject section */
		EA26876127B25EDE00F2C783 /* Project object */ = {
			isa = PBXProject;
			attributes = {
				BuildIndependentTargetsInParallel = 1;
				LastSwiftUpdateCheck = 1320;
				LastUpgradeCheck = 1320;
				TargetAttributes = {
					EA26876827B25EDE00F2C783 = {
						CreatedOnToolsVersion = 13.2.1;
					};
				};
			};
			buildConfigurationList = EA26876427B25EDE00F2C783 /* Build configuration list for PBXProject "Westcoast-Cars" */;
			compatibilityVersion = "Xcode 13.0";
			developmentRegion = en;
			hasScannedForEncodings = 0;
			knownRegions = (
				en,
				Base,
			);
			mainGroup = EA26876027B25EDE00F2C783;
			productRefGroup = EA26876A27B25EDE00F2C783 /* Products */;
			projectDirPath = "";
			projectRoot = "";
			targets = (
				EA26876827B25EDE00F2C783 /* Westcoast-Cars */,
			);
		};
/* End PBXProject section */

/* Begin PBXResourcesBuildPhase section */
		EA26876727B25EDE00F2C783 /* Resources */ = {
			isa = PBXResourcesBuildPhase;
			buildActionMask = 2147483647;
			files = (
				EA26877427B25EDF00F2C783 /* Preview Assets.xcassets in Resources */,
				EA26877127B25EDF00F2C783 /* Assets.xcassets in Resources */,
			);
			runOnlyForDeploymentPostprocessing = 0;
		};
/* End PBXResourcesBuildPhase section */

/* Begin PBXSourcesBuildPhase section */
		EA26876527B25EDE00F2C783 /* Sources */ = {
			isa = PBXSourcesBuildPhase;
			buildActionMask = 2147483647;
			files = (
				EAE5B0A027B508BB00F01AEB /* NetworkError.swift in Sources */,
				EAE5B0A727B513D600F01AEB /* VehicleListViewModel.swift in Sources */,
				EAE5B09E27B5066900F01AEB /* VehicleService.swift in Sources */,
				EA26877E27B276E700F2C783 /* VehicleListScreen.swift in Sources */,
				EAE5B0A327B50AA700F01AEB /* UrlExtension.swift in Sources */,
				EA66FC3927B3D8DF0065A984 /* VehicleListView.swift in Sources */,
				EA0C9B8527BBB8DB005F87ED /* ManufacturorListViewModel.swift in Sources */,
				EA0C9B8727BBD89C005F87ED /* CreateVehicleViewModel.swift in Sources */,
				EA6D99E027BE454E00321A71 /* CreatedVehicleResponse.swift in Sources */,
				EA6D99E227BE45FF00321A71 /* VehicleAddedResponse.swift in Sources */,
				EA26877C27B26FB400F2C783 /* VehicleInfoView.swift in Sources */,
				EA26876F27B25EDE00F2C783 /* VehicleDetailView.swift in Sources */,
				EA26878727B296BD00F2C783 /* WelcomeScreen.swift in Sources */,
				EA26878927B2A60C00F2C783 /* CreateVehicleFormView.swift in Sources */,
				EA66FC0927B391BD0065A984 /* VehicleCardView.swift in Sources */,
				EAE5B0A527B511F600F01AEB /* VehicleMapper.swift in Sources */,
				EA26878127B2774000F2C783 /* Vehicle.swift in Sources */,
				EA26876D27B25EDE00F2C783 /* Westcoast_CarsApp.swift in Sources */,
				EA66FC3C27B3E3C00065A984 /* UrlImage.swift in Sources */,
				EA0C9B8327BBB7CC005F87ED /* ManufacturorMapper.swift in Sources */,
				EA66FC3E27B3E4150065A984 /* ImageLoader.swift in Sources */,
				EA66FC0B27B3AACC0065A984 /* SettingsViewScreen.swift in Sources */,
				EA66FC2E27B3BE9D0065A984 /* Constants.swift in Sources */,
				EA26878527B281D400F2C783 /* HomeScreen.swift in Sources */,
				EA0C9B8127BBB20C005F87ED /* ManufacturorService.swift in Sources */,
				EA66FC3027B3C18C0065A984 /* Manufacturor.swift in Sources */,
				EA0C9B8927BBE914005F87ED /* CreateVehicleRequest.swift in Sources */,
			);
			runOnlyForDeploymentPostprocessing = 0;
		};
/* End PBXSourcesBuildPhase section */

/* Begin XCBuildConfiguration section */
		EA26877527B25EDF00F2C783 /* Debug */ = {
			isa = XCBuildConfiguration;
			buildSettings = {
				ALWAYS_SEARCH_USER_PATHS = NO;
				CLANG_ANALYZER_NONNULL = YES;
				CLANG_ANALYZER_NUMBER_OBJECT_CONVERSION = YES_AGGRESSIVE;
				CLANG_CXX_LANGUAGE_STANDARD = "gnu++17";
				CLANG_CXX_LIBRARY = "libc++";
				CLANG_ENABLE_MODULES = YES;
				CLANG_ENABLE_OBJC_ARC = YES;
				CLANG_ENABLE_OBJC_WEAK = YES;
				CLANG_WARN_BLOCK_CAPTURE_AUTORELEASING = YES;
				CLANG_WARN_BOOL_CONVERSION = YES;
				CLANG_WARN_COMMA = YES;
				CLANG_WARN_CONSTANT_CONVERSION = YES;
				CLANG_WARN_DEPRECATED_OBJC_IMPLEMENTATIONS = YES;
				CLANG_WARN_DIRECT_OBJC_ISA_USAGE = YES_ERROR;
				CLANG_WARN_DOCUMENTATION_COMMENTS = YES;
				CLANG_WARN_EMPTY_BODY = YES;
				CLANG_WARN_ENUM_CONVERSION = YES;
				CLANG_WARN_INFINITE_RECURSION = YES;
				CLANG_WARN_INT_CONVERSION = YES;
				CLANG_WARN_NON_LITERAL_NULL_CONVERSION = YES;
				CLANG_WARN_OBJC_IMPLICIT_RETAIN_SELF = YES;
				CLANG_WARN_OBJC_LITERAL_CONVERSION = YES;
				CLANG_WARN_OBJC_ROOT_CLASS = YES_ERROR;
				CLANG_WARN_QUOTED_INCLUDE_IN_FRAMEWORK_HEADER = YES;
				CLANG_WARN_RANGE_LOOP_ANALYSIS = YES;
				CLANG_WARN_STRICT_PROTOTYPES = YES;
				CLANG_WARN_SUSPICIOUS_MOVE = YES;
				CLANG_WARN_UNGUARDED_AVAILABILITY = YES_AGGRESSIVE;
				CLANG_WARN_UNREACHABLE_CODE = YES;
				CLANG_WARN__DUPLICATE_METHOD_MATCH = YES;
				COPY_PHASE_STRIP = NO;
				DEBUG_INFORMATION_FORMAT = dwarf;
				ENABLE_STRICT_OBJC_MSGSEND = YES;
				ENABLE_TESTABILITY = YES;
				GCC_C_LANGUAGE_STANDARD = gnu11;
				GCC_DYNAMIC_NO_PIC = NO;
				GCC_NO_COMMON_BLOCKS = YES;
				GCC_OPTIMIZATION_LEVEL = 0;
				GCC_PREPROCESSOR_DEFINITIONS = (
					"DEBUG=1",
					"$(inherited)",
				);
				GCC_WARN_64_TO_32_BIT_CONVERSION = YES;
				GCC_WARN_ABOUT_RETURN_TYPE = YES_ERROR;
				GCC_WARN_UNDECLARED_SELECTOR = YES;
				GCC_WARN_UNINITIALIZED_AUTOS = YES_AGGRESSIVE;
				GCC_WARN_UNUSED_FUNCTION = YES;
				GCC_WARN_UNUSED_VARIABLE = YES;
				IPHONEOS_DEPLOYMENT_TARGET = 15.2;
				MTL_ENABLE_DEBUG_INFO = INCLUDE_SOURCE;
				MTL_FAST_MATH = YES;
				ONLY_ACTIVE_ARCH = YES;
				SDKROOT = iphoneos;
				SWIFT_ACTIVE_COMPILATION_CONDITIONS = DEBUG;
				SWIFT_OPTIMIZATION_LEVEL = "-Onone";
			};
			name = Debug;
		};
		EA26877627B25EDF00F2C783 /* Release */ = {
			isa = XCBuildConfiguration;
			buildSettings = {
				ALWAYS_SEARCH_USER_PATHS = NO;
				CLANG_ANALYZER_NONNULL = YES;
				CLANG_ANALYZER_NUMBER_OBJECT_CONVERSION = YES_AGGRESSIVE;
				CLANG_CXX_LANGUAGE_STANDARD = "gnu++17";
				CLANG_CXX_LIBRARY = "libc++";
				CLANG_ENABLE_MODULES = YES;
				CLANG_ENABLE_OBJC_ARC = YES;
				CLANG_ENABLE_OBJC_WEAK = YES;
				CLANG_WARN_BLOCK_CAPTURE_AUTORELEASING = YES;
				CLANG_WARN_BOOL_CONVERSION = YES;
				CLANG_WARN_COMMA = YES;
				CLANG_WARN_CONSTANT_CONVERSION = YES;
				CLANG_WARN_DEPRECATED_OBJC_IMPLEMENTATIONS = YES;
				CLANG_WARN_DIRECT_OBJC_ISA_USAGE = YES_ERROR;
				CLANG_WARN_DOCUMENTATION_COMMENTS = YES;
				CLANG_WARN_EMPTY_BODY = YES;
				CLANG_WARN_ENUM_CONVERSION = YES;
				CLANG_WARN_INFINITE_RECURSION = YES;
				CLANG_WARN_INT_CONVERSION = YES;
				CLANG_WARN_NON_LITERAL_NULL_CONVERSION = YES;
				CLANG_WARN_OBJC_IMPLICIT_RETAIN_SELF = YES;
				CLANG_WARN_OBJC_LITERAL_CONVERSION = YES;
				CLANG_WARN_OBJC_ROOT_CLASS = YES_ERROR;
				CLANG_WARN_QUOTED_INCLUDE_IN_FRAMEWORK_HEADER = YES;
				CLANG_WARN_RANGE_LOOP_ANALYSIS = YES;
				CLANG_WARN_STRICT_PROTOTYPES = YES;
				CLANG_WARN_SUSPICIOUS_MOVE = YES;
				CLANG_WARN_UNGUARDED_AVAILABILITY = YES_AGGRESSIVE;
				CLANG_WARN_UNREACHABLE_CODE = YES;
				CLANG_WARN__DUPLICATE_METHOD_MATCH = YES;
				COPY_PHASE_STRIP = NO;
				DEBUG_INFORMATION_FORMAT = "dwarf-with-dsym";
				ENABLE_NS_ASSERTIONS = NO;
				ENABLE_STRICT_OBJC_MSGSEND = YES;
				GCC_C_LANGUAGE_STANDARD = gnu11;
				GCC_NO_COMMON_BLOCKS = YES;
				GCC_WARN_64_TO_32_BIT_CONVERSION = YES;
				GCC_WARN_ABOUT_RETURN_TYPE = YES_ERROR;
				GCC_WARN_UNDECLARED_SELECTOR = YES;
				GCC_WARN_UNINITIALIZED_AUTOS = YES_AGGRESSIVE;
				GCC_WARN_UNUSED_FUNCTION = YES;
				GCC_WARN_UNUSED_VARIABLE = YES;
				IPHONEOS_DEPLOYMENT_TARGET = 15.2;
				MTL_ENABLE_DEBUG_INFO = NO;
				MTL_FAST_MATH = YES;
				SDKROOT = iphoneos;
				SWIFT_COMPILATION_MODE = wholemodule;
				SWIFT_OPTIMIZATION_LEVEL = "-O";
				VALIDATE_PRODUCT = YES;
			};
			name = Release;
		};
		EA26877827B25EDF00F2C783 /* Debug */ = {
			isa = XCBuildConfiguration;
			buildSettings = {
				ASSETCATALOG_COMPILER_APPICON_NAME = AppIcon;
				ASSETCATALOG_COMPILER_GLOBAL_ACCENT_COLOR_NAME = AccentColor;
				CODE_SIGN_STYLE = Automatic;
				CURRENT_PROJECT_VERSION = 1;
				DEVELOPMENT_ASSET_PATHS = "\"Westcoast-Cars/Preview Content\"";
				DEVELOPMENT_TEAM = C3SJT459K8;
				ENABLE_PREVIEWS = YES;
				GENERATE_INFOPLIST_FILE = YES;
				INFOPLIST_KEY_UIApplicationSceneManifest_Generation = YES;
				INFOPLIST_KEY_UIApplicationSupportsIndirectInputEvents = YES;
				INFOPLIST_KEY_UILaunchScreen_Generation = YES;
				INFOPLIST_KEY_UISupportedInterfaceOrientations_iPad = "UIInterfaceOrientationPortrait UIInterfaceOrientationPortraitUpsideDown UIInterfaceOrientationLandscapeLeft UIInterfaceOrientationLandscapeRight";
				INFOPLIST_KEY_UISupportedInterfaceOrientations_iPhone = "UIInterfaceOrientationPortrait UIInterfaceOrientationLandscapeLeft UIInterfaceOrientationLandscapeRight";
				LD_RUNPATH_SEARCH_PATHS = (
					"$(inherited)",
					"@executable_path/Frameworks",
				);
				MARKETING_VERSION = 1.0;
				PRODUCT_BUNDLE_IDENTIFIER = "se.softtech-dev.Westcoast-Cars";
				PRODUCT_NAME = "$(TARGET_NAME)";
				SWIFT_EMIT_LOC_STRINGS = YES;
				SWIFT_VERSION = 5.0;
				TARGETED_DEVICE_FAMILY = "1,2";
			};
			name = Debug;
		};
		EA26877927B25EDF00F2C783 /* Release */ = {
			isa = XCBuildConfiguration;
			buildSettings = {
				ASSETCATALOG_COMPILER_APPICON_NAME = AppIcon;
				ASSETCATALOG_COMPILER_GLOBAL_ACCENT_COLOR_NAME = AccentColor;
				CODE_SIGN_STYLE = Automatic;
				CURRENT_PROJECT_VERSION = 1;
				DEVELOPMENT_ASSET_PATHS = "\"Westcoast-Cars/Preview Content\"";
				DEVELOPMENT_TEAM = C3SJT459K8;
				ENABLE_PREVIEWS = YES;
				GENERATE_INFOPLIST_FILE = YES;
				INFOPLIST_KEY_UIApplicationSceneManifest_Generation = YES;
				INFOPLIST_KEY_UIApplicationSupportsIndirectInputEvents = YES;
				INFOPLIST_KEY_UILaunchScreen_Generation = YES;
				INFOPLIST_KEY_UISupportedInterfaceOrientations_iPad = "UIInterfaceOrientationPortrait UIInterfaceOrientationPortraitUpsideDown UIInterfaceOrientationLandscapeLeft UIInterfaceOrientationLandscapeRight";
				INFOPLIST_KEY_UISupportedInterfaceOrientations_iPhone = "UIInterfaceOrientationPortrait UIInterfaceOrientationLandscapeLeft UIInterfaceOrientationLandscapeRight";
				LD_RUNPATH_SEARCH_PATHS = (
					"$(inherited)",
					"@executable_path/Frameworks",
				);
				MARKETING_VERSION = 1.0;
				PRODUCT_BUNDLE_IDENTIFIER = "se.softtech-dev.Westcoast-Cars";
				PRODUCT_NAME = "$(TARGET_NAME)";
				SWIFT_EMIT_LOC_STRINGS = YES;
				SWIFT_VERSION = 5.0;
				TARGETED_DEVICE_FAMILY = "1,2";
			};
			name = Release;
		};
/* End XCBuildConfiguration section */

/* Begin XCConfigurationList section */
		EA26876427B25EDE00F2C783 /* Build configuration list for PBXProject "Westcoast-Cars" */ = {
			isa = XCConfigurationList;
			buildConfigurations = (
				EA26877527B25EDF00F2C783 /* Debug */,
				EA26877627B25EDF00F2C783 /* Release */,
			);
			defaultConfigurationIsVisible = 0;
			defaultConfigurationName = Release;
		};
		EA26877727B25EDF00F2C783 /* Build configuration list for PBXNativeTarget "Westcoast-Cars" */ = {
			isa = XCConfigurationList;
			buildConfigurations = (
				EA26877827B25EDF00F2C783 /* Debug */,
				EA26877927B25EDF00F2C783 /* Release */,
			);
			defaultConfigurationIsVisible = 0;
			defaultConfigurationName = Release;
		};
/* End XCConfigurationList section */
	};
	rootObject = EA26876127B25EDE00F2C783 /* Project object */;
}
